// !$*UTF8*$!
{
	archiveVersion = 1;
	classes = {
	};
	objectVersion = 50;
	objects = {

/* Begin PBXBuildFile section */
		2224495D2417DB73000556E7 /* Mocks.swift in Sources */ = {isa = PBXBuildFile; fileRef = 2224495C2417DB73000556E7 /* Mocks.swift */; };
		2224495F2417EEE7000556E7 /* PhotoModelTests.swift in Sources */ = {isa = PBXBuildFile; fileRef = 2224495E2417EEE7000556E7 /* PhotoModelTests.swift */; };
		225C97B72416785600AD4802 /* URLComposer.swift in Sources */ = {isa = PBXBuildFile; fileRef = 225C97B62416785600AD4802 /* URLComposer.swift */; };
		225C97B92416787A00AD4802 /* PhotoModel.swift in Sources */ = {isa = PBXBuildFile; fileRef = 225C97B82416787A00AD4802 /* PhotoModel.swift */; };
		22BBD6DF240955FE00A9C834 /* AppDelegate.swift in Sources */ = {isa = PBXBuildFile; fileRef = 22BBD6DE240955FE00A9C834 /* AppDelegate.swift */; };
		22BBD6E1240955FE00A9C834 /* SceneDelegate.swift in Sources */ = {isa = PBXBuildFile; fileRef = 22BBD6E0240955FE00A9C834 /* SceneDelegate.swift */; };
		22BBD6E3240955FE00A9C834 /* ContentView.swift in Sources */ = {isa = PBXBuildFile; fileRef = 22BBD6E2240955FE00A9C834 /* ContentView.swift */; };
		22BBD6E52409560000A9C834 /* Assets.xcassets in Resources */ = {isa = PBXBuildFile; fileRef = 22BBD6E42409560000A9C834 /* Assets.xcassets */; };
		22BBD6E82409560000A9C834 /* Preview Assets.xcassets in Resources */ = {isa = PBXBuildFile; fileRef = 22BBD6E72409560000A9C834 /* Preview Assets.xcassets */; };
		22BBD6EB2409560000A9C834 /* LaunchScreen.storyboard in Resources */ = {isa = PBXBuildFile; fileRef = 22BBD6E92409560000A9C834 /* LaunchScreen.storyboard */; };
		22CD924A241253340074FB8E /* FlickrInteractor.swift in Sources */ = {isa = PBXBuildFile; fileRef = 22CD9249241253340074FB8E /* FlickrInteractor.swift */; };
		22CD924C241253640074FB8E /* FlickrAPI.swift in Sources */ = {isa = PBXBuildFile; fileRef = 22CD924B241253640074FB8E /* FlickrAPI.swift */; };
		22CD9250241253D40074FB8E /* FlickrInteractorTests.swift in Sources */ = {isa = PBXBuildFile; fileRef = 22CD924F241253D40074FB8E /* FlickrInteractorTests.swift */; };
		22CD92522412540C0074FB8E /* FlickrAPITests.swift in Sources */ = {isa = PBXBuildFile; fileRef = 22CD92512412540C0074FB8E /* FlickrAPITests.swift */; };
		22CD925824126E870074FB8E /* Constants.swift in Sources */ = {isa = PBXBuildFile; fileRef = 22CD925724126E870074FB8E /* Constants.swift */; };
		22CD925A241279830074FB8E /* Constants.swift in Sources */ = {isa = PBXBuildFile; fileRef = 22CD9259241279830074FB8E /* Constants.swift */; };
		22CD925C2412BB490074FB8E /* XCTTestCaseHelper.swift in Sources */ = {isa = PBXBuildFile; fileRef = 22CD925B2412BB490074FB8E /* XCTTestCaseHelper.swift */; };
/* End PBXBuildFile section */

/* Begin PBXContainerItemProxy section */
		22BBD6F22409560100A9C834 /* PBXContainerItemProxy */ = {
			isa = PBXContainerItemProxy;
			containerPortal = 22BBD6D3240955FE00A9C834 /* Project object */;
			proxyType = 1;
			remoteGlobalIDString = 22BBD6DA240955FE00A9C834;
			remoteInfo = LittleWalk;
		};
/* End PBXContainerItemProxy section */

/* Begin PBXFileReference section */
		2224495C2417DB73000556E7 /* Mocks.swift */ = {isa = PBXFileReference; lastKnownFileType = sourcecode.swift; path = Mocks.swift; sourceTree = "<group>"; };
		2224495E2417EEE7000556E7 /* PhotoModelTests.swift */ = {isa = PBXFileReference; lastKnownFileType = sourcecode.swift; path = PhotoModelTests.swift; sourceTree = "<group>"; };
		225C97B62416785600AD4802 /* URLComposer.swift */ = {isa = PBXFileReference; lastKnownFileType = sourcecode.swift; path = URLComposer.swift; sourceTree = "<group>"; };
		225C97B82416787A00AD4802 /* PhotoModel.swift */ = {isa = PBXFileReference; lastKnownFileType = sourcecode.swift; path = PhotoModel.swift; sourceTree = "<group>"; };
		22BBD6DB240955FE00A9C834 /* LittleWalk.app */ = {isa = PBXFileReference; explicitFileType = wrapper.application; includeInIndex = 0; path = LittleWalk.app; sourceTree = BUILT_PRODUCTS_DIR; };
		22BBD6DE240955FE00A9C834 /* AppDelegate.swift */ = {isa = PBXFileReference; lastKnownFileType = sourcecode.swift; path = AppDelegate.swift; sourceTree = "<group>"; };
		22BBD6E0240955FE00A9C834 /* SceneDelegate.swift */ = {isa = PBXFileReference; lastKnownFileType = sourcecode.swift; path = SceneDelegate.swift; sourceTree = "<group>"; };
		22BBD6E2240955FE00A9C834 /* ContentView.swift */ = {isa = PBXFileReference; lastKnownFileType = sourcecode.swift; path = ContentView.swift; sourceTree = "<group>"; };
		22BBD6E42409560000A9C834 /* Assets.xcassets */ = {isa = PBXFileReference; lastKnownFileType = folder.assetcatalog; path = Assets.xcassets; sourceTree = "<group>"; };
		22BBD6E72409560000A9C834 /* Preview Assets.xcassets */ = {isa = PBXFileReference; lastKnownFileType = folder.assetcatalog; path = "Preview Assets.xcassets"; sourceTree = "<group>"; };
		22BBD6EA2409560000A9C834 /* Base */ = {isa = PBXFileReference; lastKnownFileType = file.storyboard; name = Base; path = Base.lproj/LaunchScreen.storyboard; sourceTree = "<group>"; };
		22BBD6EC2409560000A9C834 /* Info.plist */ = {isa = PBXFileReference; lastKnownFileType = text.plist.xml; path = Info.plist; sourceTree = "<group>"; };
		22BBD6F12409560000A9C834 /* LittleWalkTests.xctest */ = {isa = PBXFileReference; explicitFileType = wrapper.cfbundle; includeInIndex = 0; path = LittleWalkTests.xctest; sourceTree = BUILT_PRODUCTS_DIR; };
		22BBD6F72409560100A9C834 /* Info.plist */ = {isa = PBXFileReference; lastKnownFileType = text.plist.xml; path = Info.plist; sourceTree = "<group>"; };
		22CD9249241253340074FB8E /* FlickrInteractor.swift */ = {isa = PBXFileReference; lastKnownFileType = sourcecode.swift; path = FlickrInteractor.swift; sourceTree = "<group>"; };
		22CD924B241253640074FB8E /* FlickrAPI.swift */ = {isa = PBXFileReference; lastKnownFileType = sourcecode.swift; path = FlickrAPI.swift; sourceTree = "<group>"; };
		22CD924E241253D40074FB8E /* LittleWalkTests-Bridging-Header.h */ = {isa = PBXFileReference; lastKnownFileType = sourcecode.c.h; path = "LittleWalkTests-Bridging-Header.h"; sourceTree = "<group>"; };
		22CD924F241253D40074FB8E /* FlickrInteractorTests.swift */ = {isa = PBXFileReference; lastKnownFileType = sourcecode.swift; path = FlickrInteractorTests.swift; sourceTree = "<group>"; };
		22CD92512412540C0074FB8E /* FlickrAPITests.swift */ = {isa = PBXFileReference; lastKnownFileType = sourcecode.swift; path = FlickrAPITests.swift; sourceTree = "<group>"; };
		22CD925724126E870074FB8E /* Constants.swift */ = {isa = PBXFileReference; lastKnownFileType = sourcecode.swift; path = Constants.swift; sourceTree = "<group>"; };
		22CD9259241279830074FB8E /* Constants.swift */ = {isa = PBXFileReference; lastKnownFileType = sourcecode.swift; path = Constants.swift; sourceTree = "<group>"; };
		22CD925B2412BB490074FB8E /* XCTTestCaseHelper.swift */ = {isa = PBXFileReference; lastKnownFileType = sourcecode.swift; path = XCTTestCaseHelper.swift; sourceTree = "<group>"; };
/* End PBXFileReference section */

/* Begin PBXFrameworksBuildPhase section */
		22BBD6D8240955FE00A9C834 /* Frameworks */ = {
			isa = PBXFrameworksBuildPhase;
			buildActionMask = 2147483647;
			files = (
			);
			runOnlyForDeploymentPostprocessing = 0;
		};
		22BBD6EE2409560000A9C834 /* Frameworks */ = {
			isa = PBXFrameworksBuildPhase;
			buildActionMask = 2147483647;
			files = (
			);
			runOnlyForDeploymentPostprocessing = 0;
		};
/* End PBXFrameworksBuildPhase section */

/* Begin PBXGroup section */
		22BBD6D2240955FE00A9C834 = {
			isa = PBXGroup;
			children = (
				22BBD6DD240955FE00A9C834 /* LittleWalk */,
				22BBD6F42409560100A9C834 /* LittleWalkTests */,
				22BBD6DC240955FE00A9C834 /* Products */,
			);
			sourceTree = "<group>";
		};
		22BBD6DC240955FE00A9C834 /* Products */ = {
			isa = PBXGroup;
			children = (
				22BBD6DB240955FE00A9C834 /* LittleWalk.app */,
				22BBD6F12409560000A9C834 /* LittleWalkTests.xctest */,
			);
			name = Products;
			sourceTree = "<group>";
		};
		22BBD6DD240955FE00A9C834 /* LittleWalk */ = {
			isa = PBXGroup;
			children = (
				22CD92482412529B0074FB8E /* Architecture */,
				22BBD6DE240955FE00A9C834 /* AppDelegate.swift */,
				22BBD6E0240955FE00A9C834 /* SceneDelegate.swift */,
				22BBD6E2240955FE00A9C834 /* ContentView.swift */,
				22CD925724126E870074FB8E /* Constants.swift */,
				22BBD6E42409560000A9C834 /* Assets.xcassets */,
				22BBD6E92409560000A9C834 /* LaunchScreen.storyboard */,
				22BBD6EC2409560000A9C834 /* Info.plist */,
				22BBD6E62409560000A9C834 /* Preview Content */,
			);
			path = LittleWalk;
			sourceTree = "<group>";
		};
		22BBD6E62409560000A9C834 /* Preview Content */ = {
			isa = PBXGroup;
			children = (
				22BBD6E72409560000A9C834 /* Preview Assets.xcassets */,
			);
			path = "Preview Content";
			sourceTree = "<group>";
		};
		22BBD6F42409560100A9C834 /* LittleWalkTests */ = {
			isa = PBXGroup;
			children = (
				22CD925B2412BB490074FB8E /* XCTTestCaseHelper.swift */,
				22CD924D241253A10074FB8E /* Architecture */,
				22BBD6F72409560100A9C834 /* Info.plist */,
				22CD9259241279830074FB8E /* Constants.swift */,
				2224495C2417DB73000556E7 /* Mocks.swift */,
			);
			path = LittleWalkTests;
			sourceTree = "<group>";
		};
		22CD92482412529B0074FB8E /* Architecture */ = {
			isa = PBXGroup;
			children = (
				22CD9249241253340074FB8E /* FlickrInteractor.swift */,
				22CD924B241253640074FB8E /* FlickrAPI.swift */,
				225C97B62416785600AD4802 /* URLComposer.swift */,
				225C97B82416787A00AD4802 /* PhotoModel.swift */,
			);
			path = Architecture;
			sourceTree = "<group>";
		};
		22CD924D241253A10074FB8E /* Architecture */ = {
			isa = PBXGroup;
			children = (
				22CD924F241253D40074FB8E /* FlickrInteractorTests.swift */,
				22CD924E241253D40074FB8E /* LittleWalkTests-Bridging-Header.h */,
				22CD92512412540C0074FB8E /* FlickrAPITests.swift */,
				2224495E2417EEE7000556E7 /* PhotoModelTests.swift */,
			);
			path = Architecture;
			sourceTree = "<group>";
		};
/* End PBXGroup section */

/* Begin PBXNativeTarget section */
		22BBD6DA240955FE00A9C834 /* LittleWalk */ = {
			isa = PBXNativeTarget;
			buildConfigurationList = 22BBD6FA2409560100A9C834 /* Build configuration list for PBXNativeTarget "LittleWalk" */;
			buildPhases = (
				22BBD6D7240955FE00A9C834 /* Sources */,
				22BBD6D8240955FE00A9C834 /* Frameworks */,
				22BBD6D9240955FE00A9C834 /* Resources */,
			);
			buildRules = (
			);
			dependencies = (
			);
			name = LittleWalk;
			productName = LittleWalk;
			productReference = 22BBD6DB240955FE00A9C834 /* LittleWalk.app */;
			productType = "com.apple.product-type.application";
		};
		22BBD6F02409560000A9C834 /* LittleWalkTests */ = {
			isa = PBXNativeTarget;
			buildConfigurationList = 22BBD6FD2409560100A9C834 /* Build configuration list for PBXNativeTarget "LittleWalkTests" */;
			buildPhases = (
				22BBD6ED2409560000A9C834 /* Sources */,
				22BBD6EE2409560000A9C834 /* Frameworks */,
				22BBD6EF2409560000A9C834 /* Resources */,
			);
			buildRules = (
			);
			dependencies = (
				22BBD6F32409560100A9C834 /* PBXTargetDependency */,
			);
			name = LittleWalkTests;
			productName = LittleWalkTests;
			productReference = 22BBD6F12409560000A9C834 /* LittleWalkTests.xctest */;
			productType = "com.apple.product-type.bundle.unit-test";
		};
/* End PBXNativeTarget section */

/* Begin PBXProject section */
		22BBD6D3240955FE00A9C834 /* Project object */ = {
			isa = PBXProject;
			attributes = {
				LastSwiftUpdateCheck = 1130;
				LastUpgradeCheck = 1130;
				ORGANIZATIONNAME = Flowprocess;
				TargetAttributes = {
					22BBD6DA240955FE00A9C834 = {
						CreatedOnToolsVersion = 11.3.1;
					};
					22BBD6F02409560000A9C834 = {
						CreatedOnToolsVersion = 11.3.1;
						LastSwiftMigration = 1130;
						TestTargetID = 22BBD6DA240955FE00A9C834;
					};
				};
			};
			buildConfigurationList = 22BBD6D6240955FE00A9C834 /* Build configuration list for PBXProject "LittleWalk" */;
			compatibilityVersion = "Xcode 9.3";
			developmentRegion = en;
			hasScannedForEncodings = 0;
			knownRegions = (
				en,
				Base,
			);
			mainGroup = 22BBD6D2240955FE00A9C834;
			productRefGroup = 22BBD6DC240955FE00A9C834 /* Products */;
			projectDirPath = "";
			projectRoot = "";
			targets = (
				22BBD6DA240955FE00A9C834 /* LittleWalk */,
				22BBD6F02409560000A9C834 /* LittleWalkTests */,
			);
		};
/* End PBXProject section */

/* Begin PBXResourcesBuildPhase section */
		22BBD6D9240955FE00A9C834 /* Resources */ = {
			isa = PBXResourcesBuildPhase;
			buildActionMask = 2147483647;
			files = (
				22BBD6EB2409560000A9C834 /* LaunchScreen.storyboard in Resources */,
				22BBD6E82409560000A9C834 /* Preview Assets.xcassets in Resources */,
				22BBD6E52409560000A9C834 /* Assets.xcassets in Resources */,
			);
			runOnlyForDeploymentPostprocessing = 0;
		};
		22BBD6EF2409560000A9C834 /* Resources */ = {
			isa = PBXResourcesBuildPhase;
			buildActionMask = 2147483647;
			files = (
			);
			runOnlyForDeploymentPostprocessing = 0;
		};
/* End PBXResourcesBuildPhase section */

/* Begin PBXSourcesBuildPhase section */
		22BBD6D7240955FE00A9C834 /* Sources */ = {
			isa = PBXSourcesBuildPhase;
			buildActionMask = 2147483647;
			files = (
				22BBD6DF240955FE00A9C834 /* AppDelegate.swift in Sources */,
				22BBD6E1240955FE00A9C834 /* SceneDelegate.swift in Sources */,
				22BBD6E3240955FE00A9C834 /* ContentView.swift in Sources */,
				22CD924A241253340074FB8E /* FlickrInteractor.swift in Sources */,
				225C97B72416785600AD4802 /* URLComposer.swift in Sources */,
				22CD924C241253640074FB8E /* FlickrAPI.swift in Sources */,
				225C97B92416787A00AD4802 /* PhotoModel.swift in Sources */,
				22CD925824126E870074FB8E /* Constants.swift in Sources */,
			);
			runOnlyForDeploymentPostprocessing = 0;
		};
		22BBD6ED2409560000A9C834 /* Sources */ = {
			isa = PBXSourcesBuildPhase;
			buildActionMask = 2147483647;
			files = (
				22CD9250241253D40074FB8E /* FlickrInteractorTests.swift in Sources */,
				22CD925C2412BB490074FB8E /* XCTTestCaseHelper.swift in Sources */,
				22CD92522412540C0074FB8E /* FlickrAPITests.swift in Sources */,
				22CD925A241279830074FB8E /* Constants.swift in Sources */,
				2224495F2417EEE7000556E7 /* PhotoModelTests.swift in Sources */,
				2224495D2417DB73000556E7 /* Mocks.swift in Sources */,
			);
			runOnlyForDeploymentPostprocessing = 0;
		};
/* End PBXSourcesBuildPhase section */

/* Begin PBXTargetDependency section */
		22BBD6F32409560100A9C834 /* PBXTargetDependency */ = {
			isa = PBXTargetDependency;
			target = 22BBD6DA240955FE00A9C834 /* LittleWalk */;
			targetProxy = 22BBD6F22409560100A9C834 /* PBXContainerItemProxy */;
		};
/* End PBXTargetDependency section */

/* Begin PBXVariantGroup section */
		22BBD6E92409560000A9C834 /* LaunchScreen.storyboard */ = {
			isa = PBXVariantGroup;
			children = (
				22BBD6EA2409560000A9C834 /* Base */,
			);
			name = LaunchScreen.storyboard;
			sourceTree = "<group>";
		};
/* End PBXVariantGroup section */

/* Begin XCBuildConfiguration section */
		22BBD6F82409560100A9C834 /* Debug */ = {
			isa = XCBuildConfiguration;
			buildSettings = {
				ALWAYS_SEARCH_USER_PATHS = NO;
				CLANG_ANALYZER_NONNULL = YES;
				CLANG_ANALYZER_NUMBER_OBJECT_CONVERSION = YES_AGGRESSIVE;
				CLANG_CXX_LANGUAGE_STANDARD = "gnu++14";
				CLANG_CXX_LIBRARY = "libc++";
				CLANG_ENABLE_MODULES = YES;
				CLANG_ENABLE_OBJC_ARC = YES;
				CLANG_ENABLE_OBJC_WEAK = YES;
				CLANG_WARN_BLOCK_CAPTURE_AUTORELEASING = YES;
				CLANG_WARN_BOOL_CONVERSION = YES;
				CLANG_WARN_COMMA = YES;
				CLANG_WARN_CONSTANT_CONVERSION = YES;
				CLANG_WARN_DEPRECATED_OBJC_IMPLEMENTATIONS = YES;
				CLANG_WARN_DIRECT_OBJC_ISA_USAGE = YES_ERROR;
				CLANG_WARN_DOCUMENTATION_COMMENTS = YES;
				CLANG_WARN_EMPTY_BODY = YES;
				CLANG_WARN_ENUM_CONVERSION = YES;
				CLANG_WARN_INFINITE_RECURSION = YES;
				CLANG_WARN_INT_CONVERSION = YES;
				CLANG_WARN_NON_LITERAL_NULL_CONVERSION = YES;
				CLANG_WARN_OBJC_IMPLICIT_RETAIN_SELF = YES;
				CLANG_WARN_OBJC_LITERAL_CONVERSION = YES;
				CLANG_WARN_OBJC_ROOT_CLASS = YES_ERROR;
				CLANG_WARN_RANGE_LOOP_ANALYSIS = YES;
				CLANG_WARN_STRICT_PROTOTYPES = YES;
				CLANG_WARN_SUSPICIOUS_MOVE = YES;
				CLANG_WARN_UNGUARDED_AVAILABILITY = YES_AGGRESSIVE;
				CLANG_WARN_UNREACHABLE_CODE = YES;
				CLANG_WARN__DUPLICATE_METHOD_MATCH = YES;
				COPY_PHASE_STRIP = NO;
				DEBUG_INFORMATION_FORMAT = dwarf;
				ENABLE_STRICT_OBJC_MSGSEND = YES;
				ENABLE_TESTABILITY = YES;
				GCC_C_LANGUAGE_STANDARD = gnu11;
				GCC_DYNAMIC_NO_PIC = NO;
				GCC_NO_COMMON_BLOCKS = YES;
				GCC_OPTIMIZATION_LEVEL = 0;
				GCC_PREPROCESSOR_DEFINITIONS = (
					"DEBUG=1",
					"$(inherited)",
				);
				GCC_WARN_64_TO_32_BIT_CONVERSION = YES;
				GCC_WARN_ABOUT_RETURN_TYPE = YES_ERROR;
				GCC_WARN_UNDECLARED_SELECTOR = YES;
				GCC_WARN_UNINITIALIZED_AUTOS = YES_AGGRESSIVE;
				GCC_WARN_UNUSED_FUNCTION = YES;
				GCC_WARN_UNUSED_VARIABLE = YES;
				IPHONEOS_DEPLOYMENT_TARGET = 13.2;
				MTL_ENABLE_DEBUG_INFO = INCLUDE_SOURCE;
				MTL_FAST_MATH = YES;
				ONLY_ACTIVE_ARCH = YES;
				SDKROOT = iphoneos;
				SWIFT_ACTIVE_COMPILATION_CONDITIONS = DEBUG;
				SWIFT_OPTIMIZATION_LEVEL = "-Onone";
			};
			name = Debug;
		};
		22BBD6F92409560100A9C834 /* Release */ = {
			isa = XCBuildConfiguration;
			buildSettings = {
				ALWAYS_SEARCH_USER_PATHS = NO;
				CLANG_ANALYZER_NONNULL = YES;
				CLANG_ANALYZER_NUMBER_OBJECT_CONVERSION = YES_AGGRESSIVE;
				CLANG_CXX_LANGUAGE_STANDARD = "gnu++14";
				CLANG_CXX_LIBRARY = "libc++";
				CLANG_ENABLE_MODULES = YES;
				CLANG_ENABLE_OBJC_ARC = YES;
				CLANG_ENABLE_OBJC_WEAK = YES;
				CLANG_WARN_BLOCK_CAPTURE_AUTORELEASING = YES;
				CLANG_WARN_BOOL_CONVERSION = YES;
				CLANG_WARN_COMMA = YES;
				CLANG_WARN_CONSTANT_CONVERSION = YES;
				CLANG_WARN_DEPRECATED_OBJC_IMPLEMENTATIONS = YES;
				CLANG_WARN_DIRECT_OBJC_ISA_USAGE = YES_ERROR;
				CLANG_WARN_DOCUMENTATION_COMMENTS = YES;
				CLANG_WARN_EMPTY_BODY = YES;
				CLANG_WARN_ENUM_CONVERSION = YES;
				CLANG_WARN_INFINITE_RECURSION = YES;
				CLANG_WARN_INT_CONVERSION = YES;
				CLANG_WARN_NON_LITERAL_NULL_CONVERSION = YES;
				CLANG_WARN_OBJC_IMPLICIT_RETAIN_SELF = YES;
				CLANG_WARN_OBJC_LITERAL_CONVERSION = YES;
				CLANG_WARN_OBJC_ROOT_CLASS = YES_ERROR;
				CLANG_WARN_RANGE_LOOP_ANALYSIS = YES;
				CLANG_WARN_STRICT_PROTOTYPES = YES;
				CLANG_WARN_SUSPICIOUS_MOVE = YES;
				CLANG_WARN_UNGUARDED_AVAILABILITY = YES_AGGRESSIVE;
				CLANG_WARN_UNREACHABLE_CODE = YES;
				CLANG_WARN__DUPLICATE_METHOD_MATCH = YES;
				COPY_PHASE_STRIP = NO;
				DEBUG_INFORMATION_FORMAT = "dwarf-with-dsym";
				ENABLE_NS_ASSERTIONS = NO;
				ENABLE_STRICT_OBJC_MSGSEND = YES;
				GCC_C_LANGUAGE_STANDARD = gnu11;
				GCC_NO_COMMON_BLOCKS = YES;
				GCC_WARN_64_TO_32_BIT_CONVERSION = YES;
				GCC_WARN_ABOUT_RETURN_TYPE = YES_ERROR;
				GCC_WARN_UNDECLARED_SELECTOR = YES;
				GCC_WARN_UNINITIALIZED_AUTOS = YES_AGGRESSIVE;
				GCC_WARN_UNUSED_FUNCTION = YES;
				GCC_WARN_UNUSED_VARIABLE = YES;
				IPHONEOS_DEPLOYMENT_TARGET = 13.2;
				MTL_ENABLE_DEBUG_INFO = NO;
				MTL_FAST_MATH = YES;
				SDKROOT = iphoneos;
				SWIFT_COMPILATION_MODE = wholemodule;
				SWIFT_OPTIMIZATION_LEVEL = "-O";
				VALIDATE_PRODUCT = YES;
			};
			name = Release;
		};
		22BBD6FB2409560100A9C834 /* Debug */ = {
			isa = XCBuildConfiguration;
			buildSettings = {
				ASSETCATALOG_COMPILER_APPICON_NAME = AppIcon;
				CODE_SIGN_STYLE = Automatic;
				DEVELOPMENT_ASSET_PATHS = "\"LittleWalk/Preview Content\"";
				DEVELOPMENT_TEAM = L9M785TFVT;
				ENABLE_PREVIEWS = YES;
				INFOPLIST_FILE = LittleWalk/Info.plist;
				LD_RUNPATH_SEARCH_PATHS = (
					"$(inherited)",
					"@executable_path/Frameworks",
				);
				PRODUCT_BUNDLE_IDENTIFIER = Flowprocess.LittleWalk;
				PRODUCT_NAME = "$(TARGET_NAME)";
				SWIFT_VERSION = 5.0;
				TARGETED_DEVICE_FAMILY = "1,2";
			};
			name = Debug;
		};
		22BBD6FC2409560100A9C834 /* Release */ = {
			isa = XCBuildConfiguration;
			buildSettings = {
				ASSETCATALOG_COMPILER_APPICON_NAME = AppIcon;
				CODE_SIGN_STYLE = Automatic;
				DEVELOPMENT_ASSET_PATHS = "\"LittleWalk/Preview Content\"";
				DEVELOPMENT_TEAM = L9M785TFVT;
				ENABLE_PREVIEWS = YES;
				INFOPLIST_FILE = LittleWalk/Info.plist;
				LD_RUNPATH_SEARCH_PATHS = (
					"$(inherited)",
					"@executable_path/Frameworks",
				);
				PRODUCT_BUNDLE_IDENTIFIER = Flowprocess.LittleWalk;
				PRODUCT_NAME = "$(TARGET_NAME)";
				SWIFT_VERSION = 5.0;
				TARGETED_DEVICE_FAMILY = "1,2";
			};
			name = Release;
		};
		22BBD6FE2409560100A9C834 /* Debug */ = {
			isa = XCBuildConfiguration;
			buildSettings = {
				ALWAYS_EMBED_SWIFT_STANDARD_LIBRARIES = YES;
				BUNDLE_LOADER = "$(TEST_HOST)";
				CLANG_ENABLE_MODULES = YES;
				CODE_SIGN_STYLE = Automatic;
				DEVELOPMENT_TEAM = L9M785TFVT;
				INFOPLIST_FILE = LittleWalkTests/Info.plist;
				IPHONEOS_DEPLOYMENT_TARGET = 13.2;
				LD_RUNPATH_SEARCH_PATHS = (
					"$(inherited)",
					"@executable_path/Frameworks",
					"@loader_path/Frameworks",
				);
				PRODUCT_BUNDLE_IDENTIFIER = Flowprocess.LittleWalkTests;
				PRODUCT_NAME = "$(TARGET_NAME)";
				SWIFT_OBJC_BRIDGING_HEADER = "LittleWalkTests/Architecture/LittleWalkTests-Bridging-Header.h";
				SWIFT_OPTIMIZATION_LEVEL = "-Onone";
				SWIFT_VERSION = 5.0;
				TARGETED_DEVICE_FAMILY = "1,2";
				TEST_HOST = "$(BUILT_PRODUCTS_DIR)/LittleWalk.app/LittleWalk";
			};
			name = Debug;
		};
		22BBD6FF2409560100A9C834 /* Release */ = {
			isa = XCBuildConfiguration;
			buildSettings = {
				ALWAYS_EMBED_SWIFT_STANDARD_LIBRARIES = YES;
				BUNDLE_LOADER = "$(TEST_HOST)";
				CLANG_ENABLE_MODULES = YES;
				CODE_SIGN_STYLE = Automatic;
				DEVELOPMENT_TEAM = L9M785TFVT;
				INFOPLIST_FILE = LittleWalkTests/Info.plist;
				IPHONEOS_DEPLOYMENT_TARGET = 13.2;
				LD_RUNPATH_SEARCH_PATHS = (
					"$(inherited)",
					"@executable_path/Frameworks",
					"@loader_path/Frameworks",
				);
				PRODUCT_BUNDLE_IDENTIFIER = Flowprocess.LittleWalkTests;
				PRODUCT_NAME = "$(TARGET_NAME)";
				SWIFT_OBJC_BRIDGING_HEADER = "LittleWalkTests/Architecture/LittleWalkTests-Bridging-Header.h";
				SWIFT_VERSION = 5.0;
				TARGETED_DEVICE_FAMILY = "1,2";
				TEST_HOST = "$(BUILT_PRODUCTS_DIR)/LittleWalk.app/LittleWalk";
			};
			name = Release;
		};
/* End XCBuildConfiguration section */

/* Begin XCConfigurationList section */
		22BBD6D6240955FE00A9C834 /* Build configuration list for PBXProject "LittleWalk" */ = {
			isa = XCConfigurationList;
			buildConfigurations = (
				22BBD6F82409560100A9C834 /* Debug */,
				22BBD6F92409560100A9C834 /* Release */,
			);
			defaultConfigurationIsVisible = 0;
			defaultConfigurationName = Release;
		};
		22BBD6FA2409560100A9C834 /* Build configuration list for PBXNativeTarget "LittleWalk" */ = {
			isa = XCConfigurationList;
			buildConfigurations = (
				22BBD6FB2409560100A9C834 /* Debug */,
				22BBD6FC2409560100A9C834 /* Release */,
			);
			defaultConfigurationIsVisible = 0;
			defaultConfigurationName = Release;
		};
		22BBD6FD2409560100A9C834 /* Build configuration list for PBXNativeTarget "LittleWalkTests" */ = {
			isa = XCConfigurationList;
			buildConfigurations = (
				22BBD6FE2409560100A9C834 /* Debug */,
				22BBD6FF2409560100A9C834 /* Release */,
			);
			defaultConfigurationIsVisible = 0;
			defaultConfigurationName = Release;
		};
/* End XCConfigurationList section */
	};
	rootObject = 22BBD6D3240955FE00A9C834 /* Project object */;
}
